
Microsoft Visual Studio Solution File, Format Version 12.00
# Visual Studio 2013
VisualStudioVersion = 12.0.21005.1
MinimumVisualStudioVersion = 10.0.40219.1
Project("{FAE04EC0-301F-11D3-BF4B-00C04F79EFBC}") = "QuanLiCuaHangDoChoi", "QuanLiCuaHangDoChoi\QuanLiCuaHangDoChoi.csproj", "{8BC11DB9-135E-4E2A-B9E1-14AF8F9C6726}"
EndProject
Project("{FAE04EC0-301F-11D3-BF4B-00C04F79EFBC}") = "QuanLyCuaHangDoChoiDTO", "QuanLyCuaHangDoChoiDTO\QuanLyCuaHangDoChoiDTO.csproj", "{94C8844F-9B4F-4C5C-BC8A-C4F440F1F4C8}"
EndProject
Project("{FAE04EC0-301F-11D3-BF4B-00C04F79EFBC}") = "QuanLyCuaHangDoChoiDAO", "QuanLyCuaHangDoChoiDAO\QuanLyCuaHangDoChoiDAO.csproj", "{6A27AF0B-B0D5-4112-B324-F40D7234D17A}"
EndProject
Project("{FAE04EC0-301F-11D3-BF4B-00C04F79EFBC}") = "QuanLyCuaHangDoChoiBUS", "QuanLyCuaHangDoChoiBUS\QuanLyCuaHangDoChoiBUS.csproj", "{E09A1481-BAFF-4C81-823F-2C39BF88961A}"
EndProject
Global
	GlobalSection(SolutionConfigurationPlatforms) = preSolution
		Debug|Any CPU = Debug|Any CPU
		Debug|Mixed Platforms = Debug|Mixed Platforms
		Debug|x86 = Debug|x86
		Release|Any CPU = Release|Any CPU
		Release|Mixed Platforms = Release|Mixed Platforms
		Release|x86 = Release|x86
	EndGlobalSection
	GlobalSection(ProjectConfigurationPlatforms) = postSolution
		{8BC11DB9-135E-4E2A-B9E1-14AF8F9C6726}.Debug|Any CPU.ActiveCfg = Debug|x86
		{8BC11DB9-135E-4E2A-B9E1-14AF8F9C6726}.Debug|Mixed Platforms.ActiveCfg = Debug|x86
		{8BC11DB9-135E-4E2A-B9E1-14AF8F9C6726}.Debug|Mixed Platforms.Build.0 = Debug|x86
		{8BC11DB9-135E-4E2A-B9E1-14AF8F9C6726}.Debug|x86.ActiveCfg = Debug|x86
		{8BC11DB9-135E-4E2A-B9E1-14AF8F9C6726}.Debug|x86.Build.0 = Debug|x86
		{8BC11DB9-135E-4E2A-B9E1-14AF8F9C6726}.Release|Any CPU.ActiveCfg = Release|x86
		{8BC11DB9-135E-4E2A-B9E1-14AF8F9C6726}.Release|Mixed Platforms.ActiveCfg = Release|x86
		{8BC11DB9-135E-4E2A-B9E1-14AF8F9C6726}.Release|Mixed Platforms.Build.0 = Release|x86
		{8BC11DB9-135E-4E2A-B9E1-14AF8F9C6726}.Release|x86.ActiveCfg = Release|x86
		{8BC11DB9-135E-4E2A-B9E1-14AF8F9C6726}.Release|x86.Build.0 = Release|x86
		{94C8844F-9B4F-4C5C-BC8A-C4F440F1F4C8}.Debug|Any CPU.ActiveCfg = Debug|Any CPU
		{94C8844F-9B4F-4C5C-BC8A-C4F440F1F4C8}.Debug|Any CPU.Build.0 = Debug|Any CPU
		{94C8844F-9B4F-4C5C-BC8A-C4F440F1F4C8}.Debug|Mixed Platforms.ActiveCfg = Debug|Any CPU
		{94C8844F-9B4F-4C5C-BC8A-C4F440F1F4C8}.Debug|Mixed Platforms.Build.0 = Debug|Any CPU
		{94C8844F-9B4F-4C5C-BC8A-C4F440F1F4C8}.Debug|x86.ActiveCfg = Debug|Any CPU
		{94C8844F-9B4F-4C5C-BC8A-C4F440F1F4C8}.Release|Any CPU.ActiveCfg = Release|Any CPU
		{94C8844F-9B4F-4C5C-BC8A-C4F440F1F4C8}.Release|Any CPU.Build.0 = Release|Any CPU
		{94C8844F-9B4F-4C5C-BC8A-C4F440F1F4C8}.Release|Mixed Platforms.ActiveCfg = Release|Any CPU
		{94C8844F-9B4F-4C5C-BC8A-C4F440F1F4C8}.Release|Mixed Platforms.Build.0 = Release|Any CPU
		{94C8844F-9B4F-4C5C-BC8A-C4F440F1F4C8}.Release|x86.ActiveCfg = Release|Any CPU
		{6A27AF0B-B0D5-4112-B324-F40D7234D17A}.Debug|Any CPU.ActiveCfg = Debug|Any CPU
		{6A27AF0B-B0D5-4112-B324-F40D7234D17A}.Debug|Any CPU.Build.0 = Debug|Any CPU
		{6A27AF0B-B0D5-4112-B324-F40D7234D17A}.Debug|Mixed Platforms.ActiveCfg = Debug|Any CPU
		{6A27AF0B-B0D5-4112-B324-F40D7234D17A}.Debug|Mixed Platforms.Build.0 = Debug|Any CPU
		{6A27AF0B-B0D5-4112-B324-F40D7234D17A}.Debug|x86.ActiveCfg = Debug|Any CPU
		{6A27AF0B-B0D5-4112-B324-F40D7234D17A}.Release|Any CPU.ActiveCfg = Release|Any CPU
		{6A27AF0B-B0D5-4112-B324-F40D7234D17A}.Release|Any CPU.Build.0 = Release|Any CPU
		{6A27AF0B-B0D5-4112-B324-F40D7234D17A}.Release|Mixed Platforms.ActiveCfg = Release|Any CPU
		{6A27AF0B-B0D5-4112-B324-F40D7234D17A}.Release|Mixed Platforms.Build.0 = Release|Any CPU
		{6A27AF0B-B0D5-4112-B324-F40D7234D17A}.Release|x86.ActiveCfg = Release|Any CPU
		{E09A1481-BAFF-4C81-823F-2C39BF88961A}.Debug|Any CPU.ActiveCfg = Debug|Any CPU
		{E09A1481-BAFF-4C81-823F-2C39BF88961A}.Debug|Any CPU.Build.0 = Debug|Any CPU
		{E09A1481-BAFF-4C81-823F-2C39BF88961A}.Debug|Mixed Platforms.ActiveCfg = Debug|Any CPU
		{E09A1481-BAFF-4C81-823F-2C39BF88961A}.Debug|Mixed Platforms.Build.0 = Debug|Any CPU
		{E09A1481-BAFF-4C81-823F-2C39BF88961A}.Debug|x86.ActiveCfg = Debug|Any CPU
		{E09A1481-BAFF-4C81-823F-2C39BF88961A}.Release|Any CPU.ActiveCfg = Release|Any CPU
		{E09A1481-BAFF-4C81-823F-2C39BF88961A}.Release|Any CPU.Build.0 = Release|Any CPU
		{E09A1481-BAFF-4C81-823F-2C39BF88961A}.Release|Mixed Platforms.ActiveCfg = Release|Any CPU
		{E09A1481-BAFF-4C81-823F-2C39BF88961A}.Release|Mixed Platforms.Build.0 = Release|Any CPU
		{E09A1481-BAFF-4C81-823F-2C39BF88961A}.Release|x86.ActiveCfg = Release|Any CPU
	EndGlobalSection
	GlobalSection(SolutionProperties) = preSolution
		HideSolutionNode = FALSE
	EndGlobalSection
EndGlobal
